Microsoft Visual Studio Solution File, Format Version 12.00
# Visual Studio Version 17
VisualStudioVersion = 17.0.31903.59
MinimumVisualStudioVersion = 10.0.40219.1
Project("{9A19103F-16F7-4668-BE54-9A1E7A4F7556}") = "MathMLParser.Web", "MathMLParser\src\MathMLParser.Web\MathMLParser.Web.csproj", "{8B5CA653-AD3D-4E8B-9C1A-5F1F2A4B9E3C}"
EndProject
Project("{9A19103F-16F7-4668-BE54-9A1E7A4F7556}") = "MathMLParser.Tests", "MathMLParser\src\MathMLParser.Tests\MathMLParser.Tests.csproj", "{2A1B8F4D-6E2C-4A5E-8D3F-9B7E1A2C5F8E}"
EndProject
Global
	GlobalSection(SolutionConfigurationPlatforms) = preSolution
		Debug|Any CPU = Debug|Any CPU
		Release|Any CPU = Release|Any CPU
	EndGlobalSection
	GlobalSection(ProjectConfigurationPlatforms) = postSolution
		{8B5CA653-AD3D-4E8B-9C1A-5F1F2A4B9E3C}.Debug|Any CPU.ActiveCfg = Debug|Any CPU
		{8B5CA653-AD3D-4E8B-9C1A-5F1F2A4B9E3C}.Debug|Any CPU.Build.0 = Debug|Any CPU
		{8B5CA653-AD3D-4E8B-9C1A-5F1F2A4B9E3C}.Release|Any CPU.ActiveCfg = Release|Any CPU
		{8B5CA653-AD3D-4E8B-9C1A-5F1F2A4B9E3C}.Release|Any CPU.Build.0 = Release|Any CPU
		{2A1B8F4D-6E2C-4A5E-8D3F-9B7E1A2C5F8E}.Debug|Any CPU.ActiveCfg = Debug|Any CPU
		{2A1B8F4D-6E2C-4A5E-8D3F-9B7E1A2C5F8E}.Debug|Any CPU.Build.0 = Debug|Any CPU
		{2A1B8F4D-6E2C-4A5E-8D3F-9B7E1A2C5F8E}.Release|Any CPU.ActiveCfg = Release|Any CPU
		{2A1B8F4D-6E2C-4A5E-8D3F-9B7E1A2C5F8E}.Release|Any CPU.Build.0 = Release|Any CPU
	EndGlobalSection
	GlobalSection(SolutionProperties) = preSolution
		HideSolutionNode = FALSE
	EndGlobalSection
	GlobalSection(ExtensibilityGlobals) = postSolution
		SolutionGuid = {1A2B3C4D-5E6F-7A8B-9C0D-1E2F3A4B5C6D}
	EndGlobalSection
EndGlobal